
Microsoft Visual Studio Solution File, Format Version 12.00
Project("{FAE04EC0-301F-11D3-BF4B-00C04F79EFBC}") = "dotnet7_playground", "dotnet7_playground.csproj", "{7A7C7202-6A96-42F3-B3CC-AD17EB859641}"
EndProject
Global
	GlobalSection(SolutionConfigurationPlatforms) = preSolution
		Debug|Any CPU = Debug|Any CPU
		Release|Any CPU = Release|Any CPU
	EndGlobalSection
	GlobalSection(ProjectConfigurationPlatforms) = postSolution
		{7A7C7202-6A96-42F3-B3CC-AD17EB859641}.Debug|Any CPU.ActiveCfg = Debug|Any CPU
		{7A7C7202-6A96-42F3-B3CC-AD17EB859641}.Debug|Any CPU.Build.0 = Debug|Any CPU
		{7A7C7202-6A96-42F3-B3CC-AD17EB859641}.Release|Any CPU.ActiveCfg = Release|Any CPU
		{7A7C7202-6A96-42F3-B3CC-AD17EB859641}.Release|Any CPU.Build.0 = Release|Any CPU
	EndGlobalSection
EndGlobal
